
Microsoft Visual Studio Solution File, Format Version 12.00
# Visual Studio Version 17
VisualStudioVersion = 17.0.32014.148
MinimumVisualStudioVersion = 10.0.40219.1
Project("{FAE04EC0-301F-11D3-BF4B-00C04F79EFBC}") = "API.Redis.Cache", "API.Redis.Cache\API.Redis.Cache.csproj", "{48E9F770-959F-43E9-8761-08089CF8BAFB}"
EndProject
Project("{FAE04EC0-301F-11D3-BF4B-00C04F79EFBC}") = "API.Redis.MasterSlave", "API.Redis.MasterSlave\API.Redis.MasterSlave.csproj", "{C4DB5A80-48A4-4AC2-A065-530186657AC5}"
EndProject
Project("{FAE04EC0-301F-11D3-BF4B-00C04F79EFBC}") = "API.Redis.PubSub", "API.Redis.PubSub\API.Redis.PubSub.csproj", "{6741A415-8CFA-4DC8-8160-8F0FEDC54711}"
EndProject
Global
	GlobalSection(SolutionConfigurationPlatforms) = preSolution
		Debug|Any CPU = Debug|Any CPU
		Release|Any CPU = Release|Any CPU
	EndGlobalSection
	GlobalSection(ProjectConfigurationPlatforms) = postSolution
		{48E9F770-959F-43E9-8761-08089CF8BAFB}.Debug|Any CPU.ActiveCfg = Debug|Any CPU
		{48E9F770-959F-43E9-8761-08089CF8BAFB}.Debug|Any CPU.Build.0 = Debug|Any CPU
		{48E9F770-959F-43E9-8761-08089CF8BAFB}.Release|Any CPU.ActiveCfg = Release|Any CPU
		{48E9F770-959F-43E9-8761-08089CF8BAFB}.Release|Any CPU.Build.0 = Release|Any CPU
		{C4DB5A80-48A4-4AC2-A065-530186657AC5}.Debug|Any CPU.ActiveCfg = Debug|Any CPU
		{C4DB5A80-48A4-4AC2-A065-530186657AC5}.Debug|Any CPU.Build.0 = Debug|Any CPU
		{C4DB5A80-48A4-4AC2-A065-530186657AC5}.Release|Any CPU.ActiveCfg = Release|Any CPU
		{C4DB5A80-48A4-4AC2-A065-530186657AC5}.Release|Any CPU.Build.0 = Release|Any CPU
		{6741A415-8CFA-4DC8-8160-8F0FEDC54711}.Debug|Any CPU.ActiveCfg = Debug|Any CPU
		{6741A415-8CFA-4DC8-8160-8F0FEDC54711}.Debug|Any CPU.Build.0 = Debug|Any CPU
		{6741A415-8CFA-4DC8-8160-8F0FEDC54711}.Release|Any CPU.ActiveCfg = Release|Any CPU
		{6741A415-8CFA-4DC8-8160-8F0FEDC54711}.Release|Any CPU.Build.0 = Release|Any CPU
	EndGlobalSection
	GlobalSection(SolutionProperties) = preSolution
		HideSolutionNode = FALSE
	EndGlobalSection
	GlobalSection(ExtensibilityGlobals) = postSolution
		SolutionGuid = {DBE37227-212E-44CB-AD25-604F79771A1F}
	EndGlobalSection
EndGlobal
